// !$*UTF8*$!
{
	archiveVersion = 1;
	classes = {
	};
	objectVersion = 56;
	objects = {

/* Begin PBXBuildFile section */
		4E40D0AC2ADF1573004ED37A /* FirebaseAnalytics in Frameworks */ = {isa = PBXBuildFile; productRef = 4E40D0AB2ADF1573004ED37A /* FirebaseAnalytics */; };
		4E40D0AE2ADF1573004ED37A /* FirebaseAnalyticsOnDeviceConversion in Frameworks */ = {isa = PBXBuildFile; productRef = 4E40D0AD2ADF1573004ED37A /* FirebaseAnalyticsOnDeviceConversion */; };
		4E40D0B02ADF1573004ED37A /* FirebaseAnalyticsSwift in Frameworks */ = {isa = PBXBuildFile; productRef = 4E40D0AF2ADF1573004ED37A /* FirebaseAnalyticsSwift */; };
		4E40D0B22ADF1573004ED37A /* FirebaseAnalyticsWithoutAdIdSupport in Frameworks */ = {isa = PBXBuildFile; productRef = 4E40D0B12ADF1573004ED37A /* FirebaseAnalyticsWithoutAdIdSupport */; };
		4E40D0B42ADF1573004ED37A /* FirebaseAppCheck in Frameworks */ = {isa = PBXBuildFile; productRef = 4E40D0B32ADF1573004ED37A /* FirebaseAppCheck */; };
		4E40D0B62ADF1573004ED37A /* FirebaseAppDistribution-Beta in Frameworks */ = {isa = PBXBuildFile; productRef = 4E40D0B52ADF1573004ED37A /* FirebaseAppDistribution-Beta */; };
		4E40D0B82ADF1573004ED37A /* FirebaseAuth in Frameworks */ = {isa = PBXBuildFile; productRef = 4E40D0B72ADF1573004ED37A /* FirebaseAuth */; };
		4E40D0BA2ADF1573004ED37A /* FirebaseAuthCombine-Community in Frameworks */ = {isa = PBXBuildFile; productRef = 4E40D0B92ADF1573004ED37A /* FirebaseAuthCombine-Community */; };
		4E40D0BC2ADF1573004ED37A /* FirebaseCrashlytics in Frameworks */ = {isa = PBXBuildFile; productRef = 4E40D0BB2ADF1573004ED37A /* FirebaseCrashlytics */; };
		4E40D0BE2ADF1573004ED37A /* FirebaseDatabase in Frameworks */ = {isa = PBXBuildFile; productRef = 4E40D0BD2ADF1573004ED37A /* FirebaseDatabase */; };
		4E40D0C02ADF1573004ED37A /* FirebaseDatabaseSwift in Frameworks */ = {isa = PBXBuildFile; productRef = 4E40D0BF2ADF1573004ED37A /* FirebaseDatabaseSwift */; };
		4E40D0C22ADF1573004ED37A /* FirebaseDynamicLinks in Frameworks */ = {isa = PBXBuildFile; productRef = 4E40D0C12ADF1573004ED37A /* FirebaseDynamicLinks */; };
		4E40D0C42ADF1573004ED37A /* FirebaseFirestore in Frameworks */ = {isa = PBXBuildFile; productRef = 4E40D0C32ADF1573004ED37A /* FirebaseFirestore */; };
		4E40D0C62ADF1573004ED37A /* FirebaseFirestoreCombine-Community in Frameworks */ = {isa = PBXBuildFile; productRef = 4E40D0C52ADF1573004ED37A /* FirebaseFirestoreCombine-Community */; };
		4E40D0C82ADF1573004ED37A /* FirebaseFirestoreSwift in Frameworks */ = {isa = PBXBuildFile; productRef = 4E40D0C72ADF1573004ED37A /* FirebaseFirestoreSwift */; };
		4E40D0CA2ADF1573004ED37A /* FirebaseFunctions in Frameworks */ = {isa = PBXBuildFile; productRef = 4E40D0C92ADF1573004ED37A /* FirebaseFunctions */; };
		4E40D0CC2ADF1573004ED37A /* FirebaseFunctionsCombine-Community in Frameworks */ = {isa = PBXBuildFile; productRef = 4E40D0CB2ADF1573004ED37A /* FirebaseFunctionsCombine-Community */; };
		4E40D0CE2ADF1573004ED37A /* FirebaseInAppMessaging-Beta in Frameworks */ = {isa = PBXBuildFile; productRef = 4E40D0CD2ADF1573004ED37A /* FirebaseInAppMessaging-Beta */; };
		4E40D0D02ADF1573004ED37A /* FirebaseInAppMessagingSwift-Beta in Frameworks */ = {isa = PBXBuildFile; productRef = 4E40D0CF2ADF1573004ED37A /* FirebaseInAppMessagingSwift-Beta */; };
		4E40D0D22ADF1573004ED37A /* FirebaseInstallations in Frameworks */ = {isa = PBXBuildFile; productRef = 4E40D0D12ADF1573004ED37A /* FirebaseInstallations */; };
		4E40D0D42ADF1573004ED37A /* FirebaseMLModelDownloader in Frameworks */ = {isa = PBXBuildFile; productRef = 4E40D0D32ADF1573004ED37A /* FirebaseMLModelDownloader */; };
		4E40D0D62ADF1573004ED37A /* FirebaseMessaging in Frameworks */ = {isa = PBXBuildFile; productRef = 4E40D0D52ADF1573004ED37A /* FirebaseMessaging */; };
		4E40D0D82ADF1573004ED37A /* FirebasePerformance in Frameworks */ = {isa = PBXBuildFile; productRef = 4E40D0D72ADF1573004ED37A /* FirebasePerformance */; };
		4E40D0DA2ADF1573004ED37A /* FirebaseRemoteConfig in Frameworks */ = {isa = PBXBuildFile; productRef = 4E40D0D92ADF1573004ED37A /* FirebaseRemoteConfig */; };
		4E40D0DC2ADF1573004ED37A /* FirebaseRemoteConfigSwift in Frameworks */ = {isa = PBXBuildFile; productRef = 4E40D0DB2ADF1573004ED37A /* FirebaseRemoteConfigSwift */; };
		4E40D0DE2ADF1573004ED37A /* FirebaseStorage in Frameworks */ = {isa = PBXBuildFile; productRef = 4E40D0DD2ADF1573004ED37A /* FirebaseStorage */; };
		4E40D0E02ADF1573004ED37A /* FirebaseStorageCombine-Community in Frameworks */ = {isa = PBXBuildFile; productRef = 4E40D0DF2ADF1573004ED37A /* FirebaseStorageCombine-Community */; };
		4E40D0E22ADF166D004ED37A /* FirebaseAnalytics in Frameworks */ = {isa = PBXBuildFile; productRef = 4E40D0E12ADF166D004ED37A /* FirebaseAnalytics */; };
		4E40D0E42ADF166D004ED37A /* FirebaseAnalyticsOnDeviceConversion in Frameworks */ = {isa = PBXBuildFile; productRef = 4E40D0E32ADF166D004ED37A /* FirebaseAnalyticsOnDeviceConversion */; };
		4E40D0E62ADF166D004ED37A /* FirebaseAnalyticsSwift in Frameworks */ = {isa = PBXBuildFile; productRef = 4E40D0E52ADF166D004ED37A /* FirebaseAnalyticsSwift */; };
		4E40D0E82ADF166D004ED37A /* FirebaseAnalyticsWithoutAdIdSupport in Frameworks */ = {isa = PBXBuildFile; productRef = 4E40D0E72ADF166D004ED37A /* FirebaseAnalyticsWithoutAdIdSupport */; };
		4E40D0EA2ADF166D004ED37A /* FirebaseAppCheck in Frameworks */ = {isa = PBXBuildFile; productRef = 4E40D0E92ADF166D004ED37A /* FirebaseAppCheck */; };
		4E40D0EC2ADF166D004ED37A /* FirebaseAppDistribution-Beta in Frameworks */ = {isa = PBXBuildFile; productRef = 4E40D0EB2ADF166D004ED37A /* FirebaseAppDistribution-Beta */; };
		4E40D0EE2ADF166D004ED37A /* FirebaseAuth in Frameworks */ = {isa = PBXBuildFile; productRef = 4E40D0ED2ADF166D004ED37A /* FirebaseAuth */; };
		4E40D0F02ADF166D004ED37A /* FirebaseAuthCombine-Community in Frameworks */ = {isa = PBXBuildFile; productRef = 4E40D0EF2ADF166D004ED37A /* FirebaseAuthCombine-Community */; };
		4E40D0F22ADF166D004ED37A /* FirebaseCrashlytics in Frameworks */ = {isa = PBXBuildFile; productRef = 4E40D0F12ADF166D004ED37A /* FirebaseCrashlytics */; };
		4E40D0F42ADF166D004ED37A /* FirebaseDatabase in Frameworks */ = {isa = PBXBuildFile; productRef = 4E40D0F32ADF166D004ED37A /* FirebaseDatabase */; };
		4E40D0F62ADF166D004ED37A /* FirebaseDatabaseSwift in Frameworks */ = {isa = PBXBuildFile; productRef = 4E40D0F52ADF166D004ED37A /* FirebaseDatabaseSwift */; };
		4E40D0F82ADF166D004ED37A /* FirebaseDynamicLinks in Frameworks */ = {isa = PBXBuildFile; productRef = 4E40D0F72ADF166D004ED37A /* FirebaseDynamicLinks */; };
		4E40D0FA2ADF166D004ED37A /* FirebaseFirestore in Frameworks */ = {isa = PBXBuildFile; productRef = 4E40D0F92ADF166D004ED37A /* FirebaseFirestore */; };
		4E40D0FC2ADF166D004ED37A /* FirebaseFirestoreCombine-Community in Frameworks */ = {isa = PBXBuildFile; productRef = 4E40D0FB2ADF166D004ED37A /* FirebaseFirestoreCombine-Community */; };
		4E40D0FE2ADF166D004ED37A /* FirebaseFirestoreSwift in Frameworks */ = {isa = PBXBuildFile; productRef = 4E40D0FD2ADF166D004ED37A /* FirebaseFirestoreSwift */; };
		4E40D1002ADF166D004ED37A /* FirebaseFunctions in Frameworks */ = {isa = PBXBuildFile; productRef = 4E40D0FF2ADF166D004ED37A /* FirebaseFunctions */; };
		4E40D1022ADF166D004ED37A /* FirebaseFunctionsCombine-Community in Frameworks */ = {isa = PBXBuildFile; productRef = 4E40D1012ADF166D004ED37A /* FirebaseFunctionsCombine-Community */; };
		4E40D1042ADF166D004ED37A /* FirebaseInAppMessaging-Beta in Frameworks */ = {isa = PBXBuildFile; productRef = 4E40D1032ADF166D004ED37A /* FirebaseInAppMessaging-Beta */; };
		4E40D1062ADF166D004ED37A /* FirebaseInAppMessagingSwift-Beta in Frameworks */ = {isa = PBXBuildFile; productRef = 4E40D1052ADF166D004ED37A /* FirebaseInAppMessagingSwift-Beta */; };
		4E40D1082ADF166D004ED37A /* FirebaseInstallations in Frameworks */ = {isa = PBXBuildFile; productRef = 4E40D1072ADF166D004ED37A /* FirebaseInstallations */; };
		4E40D10A2ADF166D004ED37A /* FirebaseMLModelDownloader in Frameworks */ = {isa = PBXBuildFile; productRef = 4E40D1092ADF166D004ED37A /* FirebaseMLModelDownloader */; };
		4E40D10C2ADF166D004ED37A /* FirebaseMessaging in Frameworks */ = {isa = PBXBuildFile; productRef = 4E40D10B2ADF166D004ED37A /* FirebaseMessaging */; };
		4E40D10E2ADF166D004ED37A /* FirebasePerformance in Frameworks */ = {isa = PBXBuildFile; productRef = 4E40D10D2ADF166D004ED37A /* FirebasePerformance */; };
		4E40D1102ADF166D004ED37A /* FirebaseRemoteConfig in Frameworks */ = {isa = PBXBuildFile; productRef = 4E40D10F2ADF166D004ED37A /* FirebaseRemoteConfig */; };
		4E40D1122ADF166D004ED37A /* FirebaseRemoteConfigSwift in Frameworks */ = {isa = PBXBuildFile; productRef = 4E40D1112ADF166D004ED37A /* FirebaseRemoteConfigSwift */; };
		4E40D1142ADF166D004ED37A /* FirebaseStorage in Frameworks */ = {isa = PBXBuildFile; productRef = 4E40D1132ADF166D004ED37A /* FirebaseStorage */; };
		4E40D1162ADF166D004ED37A /* FirebaseStorageCombine-Community in Frameworks */ = {isa = PBXBuildFile; productRef = 4E40D1152ADF166D004ED37A /* FirebaseStorageCombine-Community */; };
		4EB13F262AD84F14002C9BE2 /* LoginView.swift in Sources */ = {isa = PBXBuildFile; fileRef = 4EB13F252AD84F14002C9BE2 /* LoginView.swift */; };
		DE4AEA8F2ABF62EC00D83F6E /* PlantDataTransformer.swift in Sources */ = {isa = PBXBuildFile; fileRef = DE4AEA8E2ABF62EC00D83F6E /* PlantDataTransformer.swift */; };
		DE4AEA912ABF907000D83F6E /* PlantView.swift in Sources */ = {isa = PBXBuildFile; fileRef = DE4AEA902ABF907000D83F6E /* PlantView.swift */; };
		DE4AEA932ABFA0B200D83F6E /* PlantDetailView.swift in Sources */ = {isa = PBXBuildFile; fileRef = DE4AEA922ABFA0B200D83F6E /* PlantDetailView.swift */; };
		DED2F4CC2ABB8D7300417863 /* FloraFeedApp.swift in Sources */ = {isa = PBXBuildFile; fileRef = DED2F4CB2ABB8D7300417863 /* FloraFeedApp.swift */; };
		DED2F4CE2ABB8D7300417863 /* ContentView.swift in Sources */ = {isa = PBXBuildFile; fileRef = DED2F4CD2ABB8D7300417863 /* ContentView.swift */; };
		DED2F4D02ABB8D7500417863 /* Assets.xcassets in Resources */ = {isa = PBXBuildFile; fileRef = DED2F4CF2ABB8D7500417863 /* Assets.xcassets */; };
		DED2F4D32ABB8D7500417863 /* Preview Assets.xcassets in Resources */ = {isa = PBXBuildFile; fileRef = DED2F4D22ABB8D7500417863 /* Preview Assets.xcassets */; };
		DED2F4DB2ABB932300417863 /* FirebaseAnalytics in Frameworks */ = {isa = PBXBuildFile; productRef = DED2F4DA2ABB932300417863 /* FirebaseAnalytics */; };
		DED2F4DD2ABB932300417863 /* FirebaseAnalyticsOnDeviceConversion in Frameworks */ = {isa = PBXBuildFile; productRef = DED2F4DC2ABB932300417863 /* FirebaseAnalyticsOnDeviceConversion */; };
		DED2F4DF2ABB932300417863 /* FirebaseAnalyticsSwift in Frameworks */ = {isa = PBXBuildFile; productRef = DED2F4DE2ABB932300417863 /* FirebaseAnalyticsSwift */; };
		DED2F4E12ABB932300417863 /* FirebaseAnalyticsWithoutAdIdSupport in Frameworks */ = {isa = PBXBuildFile; productRef = DED2F4E02ABB932300417863 /* FirebaseAnalyticsWithoutAdIdSupport */; };
		DED2F4E32ABB932300417863 /* FirebaseAppCheck in Frameworks */ = {isa = PBXBuildFile; productRef = DED2F4E22ABB932300417863 /* FirebaseAppCheck */; };
		DED2F4E52ABB932300417863 /* FirebaseAppDistribution-Beta in Frameworks */ = {isa = PBXBuildFile; productRef = DED2F4E42ABB932300417863 /* FirebaseAppDistribution-Beta */; };
		DED2F4E72ABB932300417863 /* FirebaseAuth in Frameworks */ = {isa = PBXBuildFile; productRef = DED2F4E62ABB932300417863 /* FirebaseAuth */; };
		DED2F4E92ABB932300417863 /* FirebaseAuthCombine-Community in Frameworks */ = {isa = PBXBuildFile; productRef = DED2F4E82ABB932300417863 /* FirebaseAuthCombine-Community */; };
		DED2F4EB2ABB932300417863 /* FirebaseCrashlytics in Frameworks */ = {isa = PBXBuildFile; productRef = DED2F4EA2ABB932300417863 /* FirebaseCrashlytics */; };
		DED2F4ED2ABB932300417863 /* FirebaseDatabase in Frameworks */ = {isa = PBXBuildFile; productRef = DED2F4EC2ABB932300417863 /* FirebaseDatabase */; };
		DED2F4EF2ABB932300417863 /* FirebaseDatabaseSwift in Frameworks */ = {isa = PBXBuildFile; productRef = DED2F4EE2ABB932300417863 /* FirebaseDatabaseSwift */; };
		DED2F4F12ABB932300417863 /* FirebaseDynamicLinks in Frameworks */ = {isa = PBXBuildFile; productRef = DED2F4F02ABB932300417863 /* FirebaseDynamicLinks */; };
		DED2F4F32ABB932300417863 /* FirebaseFirestore in Frameworks */ = {isa = PBXBuildFile; productRef = DED2F4F22ABB932300417863 /* FirebaseFirestore */; };
		DED2F4F52ABB932300417863 /* FirebaseFirestoreCombine-Community in Frameworks */ = {isa = PBXBuildFile; productRef = DED2F4F42ABB932300417863 /* FirebaseFirestoreCombine-Community */; };
		DED2F4F72ABB932300417863 /* FirebaseFirestoreSwift in Frameworks */ = {isa = PBXBuildFile; productRef = DED2F4F62ABB932300417863 /* FirebaseFirestoreSwift */; };
		DED2F4F92ABB932300417863 /* FirebaseFunctions in Frameworks */ = {isa = PBXBuildFile; productRef = DED2F4F82ABB932300417863 /* FirebaseFunctions */; };
		DED2F4FB2ABB932300417863 /* FirebaseFunctionsCombine-Community in Frameworks */ = {isa = PBXBuildFile; productRef = DED2F4FA2ABB932300417863 /* FirebaseFunctionsCombine-Community */; };
		DED2F4FD2ABB932300417863 /* FirebaseInAppMessaging-Beta in Frameworks */ = {isa = PBXBuildFile; productRef = DED2F4FC2ABB932300417863 /* FirebaseInAppMessaging-Beta */; };
		DED2F4FF2ABB932300417863 /* FirebaseInAppMessagingSwift-Beta in Frameworks */ = {isa = PBXBuildFile; productRef = DED2F4FE2ABB932300417863 /* FirebaseInAppMessagingSwift-Beta */; };
		DED2F5012ABB932300417863 /* FirebaseInstallations in Frameworks */ = {isa = PBXBuildFile; productRef = DED2F5002ABB932300417863 /* FirebaseInstallations */; };
		DED2F5032ABB932300417863 /* FirebaseMLModelDownloader in Frameworks */ = {isa = PBXBuildFile; productRef = DED2F5022ABB932300417863 /* FirebaseMLModelDownloader */; };
		DED2F5052ABB932300417863 /* FirebaseMessaging in Frameworks */ = {isa = PBXBuildFile; productRef = DED2F5042ABB932300417863 /* FirebaseMessaging */; };
		DED2F5072ABB932300417863 /* FirebasePerformance in Frameworks */ = {isa = PBXBuildFile; productRef = DED2F5062ABB932300417863 /* FirebasePerformance */; };
		DED2F5092ABB932300417863 /* FirebaseRemoteConfig in Frameworks */ = {isa = PBXBuildFile; productRef = DED2F5082ABB932300417863 /* FirebaseRemoteConfig */; };
		DED2F50B2ABB932300417863 /* FirebaseRemoteConfigSwift in Frameworks */ = {isa = PBXBuildFile; productRef = DED2F50A2ABB932300417863 /* FirebaseRemoteConfigSwift */; };
		DED2F50D2ABB932300417863 /* FirebaseStorage in Frameworks */ = {isa = PBXBuildFile; productRef = DED2F50C2ABB932300417863 /* FirebaseStorage */; };
		DED2F50F2ABB932300417863 /* FirebaseStorageCombine-Community in Frameworks */ = {isa = PBXBuildFile; productRef = DED2F50E2ABB932300417863 /* FirebaseStorageCombine-Community */; };
		DED2F5132ABB949700417863 /* GoogleService-Info.plist in Resources */ = {isa = PBXBuildFile; fileRef = DED2F5122ABB949600417863 /* GoogleService-Info.plist */; };
		DED2F5152ABB986500417863 /* PlantDataRepository.swift in Sources */ = {isa = PBXBuildFile; fileRef = DED2F5142ABB986500417863 /* PlantDataRepository.swift */; };
		DEE373EF2AD2CB6D000B3BAD /* Constants.swift in Sources */ = {isa = PBXBuildFile; fileRef = DEE373EE2AD2CB6D000B3BAD /* Constants.swift */; };
/* End PBXBuildFile section */

/* Begin PBXFileReference section */
		4EB13F252AD84F14002C9BE2 /* LoginView.swift */ = {isa = PBXFileReference; lastKnownFileType = sourcecode.swift; path = LoginView.swift; sourceTree = "<group>"; };
		DE4AEA8E2ABF62EC00D83F6E /* PlantDataTransformer.swift */ = {isa = PBXFileReference; lastKnownFileType = sourcecode.swift; path = PlantDataTransformer.swift; sourceTree = "<group>"; };
		DE4AEA902ABF907000D83F6E /* PlantView.swift */ = {isa = PBXFileReference; lastKnownFileType = sourcecode.swift; path = PlantView.swift; sourceTree = "<group>"; };
		DE4AEA922ABFA0B200D83F6E /* PlantDetailView.swift */ = {isa = PBXFileReference; lastKnownFileType = sourcecode.swift; path = PlantDetailView.swift; sourceTree = "<group>"; };
		DED2F4C82ABB8D7300417863 /* FloraFeed.app */ = {isa = PBXFileReference; explicitFileType = wrapper.application; includeInIndex = 0; path = FloraFeed.app; sourceTree = BUILT_PRODUCTS_DIR; };
		DED2F4CB2ABB8D7300417863 /* FloraFeedApp.swift */ = {isa = PBXFileReference; lastKnownFileType = sourcecode.swift; path = FloraFeedApp.swift; sourceTree = "<group>"; };
		DED2F4CD2ABB8D7300417863 /* ContentView.swift */ = {isa = PBXFileReference; lastKnownFileType = sourcecode.swift; path = ContentView.swift; sourceTree = "<group>"; };
		DED2F4CF2ABB8D7500417863 /* Assets.xcassets */ = {isa = PBXFileReference; lastKnownFileType = folder.assetcatalog; path = Assets.xcassets; sourceTree = "<group>"; };
		DED2F4D22ABB8D7500417863 /* Preview Assets.xcassets */ = {isa = PBXFileReference; lastKnownFileType = folder.assetcatalog; path = "Preview Assets.xcassets"; sourceTree = "<group>"; };
		DED2F5122ABB949600417863 /* GoogleService-Info.plist */ = {isa = PBXFileReference; fileEncoding = 4; lastKnownFileType = text.plist.xml; path = "GoogleService-Info.plist"; sourceTree = "<group>"; };
		DED2F5142ABB986500417863 /* PlantDataRepository.swift */ = {isa = PBXFileReference; lastKnownFileType = sourcecode.swift; path = PlantDataRepository.swift; sourceTree = "<group>"; };
		DED2F5182ABE565C00417863 /* Info.plist */ = {isa = PBXFileReference; lastKnownFileType = text.plist; path = Info.plist; sourceTree = "<group>"; };
		DEE373EE2AD2CB6D000B3BAD /* Constants.swift */ = {isa = PBXFileReference; lastKnownFileType = sourcecode.swift; path = Constants.swift; sourceTree = "<group>"; };
/* End PBXFileReference section */

/* Begin PBXFrameworksBuildPhase section */
		DED2F4C52ABB8D7300417863 /* Frameworks */ = {
			isa = PBXFrameworksBuildPhase;
			buildActionMask = 2147483647;
			files = (
				4E40D10E2ADF166D004ED37A /* FirebasePerformance in Frameworks */,
				DED2F4ED2ABB932300417863 /* FirebaseDatabase in Frameworks */,
				DED2F4FB2ABB932300417863 /* FirebaseFunctionsCombine-Community in Frameworks */,
				DED2F4F32ABB932300417863 /* FirebaseFirestore in Frameworks */,
				4E40D0D42ADF1573004ED37A /* FirebaseMLModelDownloader in Frameworks */,
				4E40D1122ADF166D004ED37A /* FirebaseRemoteConfigSwift in Frameworks */,
				DED2F4DF2ABB932300417863 /* FirebaseAnalyticsSwift in Frameworks */,
				4E40D0D02ADF1573004ED37A /* FirebaseInAppMessagingSwift-Beta in Frameworks */,
				4E40D0F42ADF166D004ED37A /* FirebaseDatabase in Frameworks */,
				4E40D1082ADF166D004ED37A /* FirebaseInstallations in Frameworks */,
				4E40D10C2ADF166D004ED37A /* FirebaseMessaging in Frameworks */,
				DED2F4DB2ABB932300417863 /* FirebaseAnalytics in Frameworks */,
				DED2F4DD2ABB932300417863 /* FirebaseAnalyticsOnDeviceConversion in Frameworks */,
				DED2F5032ABB932300417863 /* FirebaseMLModelDownloader in Frameworks */,
				4E40D0E82ADF166D004ED37A /* FirebaseAnalyticsWithoutAdIdSupport in Frameworks */,
				4E40D1042ADF166D004ED37A /* FirebaseInAppMessaging-Beta in Frameworks */,
				4E40D1162ADF166D004ED37A /* FirebaseStorageCombine-Community in Frameworks */,
				DED2F4F72ABB932300417863 /* FirebaseFirestoreSwift in Frameworks */,
				DED2F4E32ABB932300417863 /* FirebaseAppCheck in Frameworks */,
				DED2F4E12ABB932300417863 /* FirebaseAnalyticsWithoutAdIdSupport in Frameworks */,
				4E40D0FE2ADF166D004ED37A /* FirebaseFirestoreSwift in Frameworks */,
				4E40D0E62ADF166D004ED37A /* FirebaseAnalyticsSwift in Frameworks */,
				4E40D0D22ADF1573004ED37A /* FirebaseInstallations in Frameworks */,
				DED2F4E72ABB932300417863 /* FirebaseAuth in Frameworks */,
				DED2F4EB2ABB932300417863 /* FirebaseCrashlytics in Frameworks */,
				DED2F50B2ABB932300417863 /* FirebaseRemoteConfigSwift in Frameworks */,
				4E40D0E02ADF1573004ED37A /* FirebaseStorageCombine-Community in Frameworks */,
				4E40D0C42ADF1573004ED37A /* FirebaseFirestore in Frameworks */,
				4E40D0AE2ADF1573004ED37A /* FirebaseAnalyticsOnDeviceConversion in Frameworks */,
				4E40D0F02ADF166D004ED37A /* FirebaseAuthCombine-Community in Frameworks */,
				4E40D0F82ADF166D004ED37A /* FirebaseDynamicLinks in Frameworks */,
				DED2F4FD2ABB932300417863 /* FirebaseInAppMessaging-Beta in Frameworks */,
				4E40D0AC2ADF1573004ED37A /* FirebaseAnalytics in Frameworks */,
				4E40D0F22ADF166D004ED37A /* FirebaseCrashlytics in Frameworks */,
				4E40D0C82ADF1573004ED37A /* FirebaseFirestoreSwift in Frameworks */,
				4E40D0DA2ADF1573004ED37A /* FirebaseRemoteConfig in Frameworks */,
				4E40D0B42ADF1573004ED37A /* FirebaseAppCheck in Frameworks */,
				4E40D0B22ADF1573004ED37A /* FirebaseAnalyticsWithoutAdIdSupport in Frameworks */,
				4E40D0DE2ADF1573004ED37A /* FirebaseStorage in Frameworks */,
				DED2F4EF2ABB932300417863 /* FirebaseDatabaseSwift in Frameworks */,
				4E40D0DC2ADF1573004ED37A /* FirebaseRemoteConfigSwift in Frameworks */,
				4E40D0E22ADF166D004ED37A /* FirebaseAnalytics in Frameworks */,
				4E40D0BA2ADF1573004ED37A /* FirebaseAuthCombine-Community in Frameworks */,
				4E40D0B82ADF1573004ED37A /* FirebaseAuth in Frameworks */,
				4E40D0E42ADF166D004ED37A /* FirebaseAnalyticsOnDeviceConversion in Frameworks */,
				DED2F4F92ABB932300417863 /* FirebaseFunctions in Frameworks */,
				4E40D0B62ADF1573004ED37A /* FirebaseAppDistribution-Beta in Frameworks */,
				4E40D1062ADF166D004ED37A /* FirebaseInAppMessagingSwift-Beta in Frameworks */,
				DED2F50F2ABB932300417863 /* FirebaseStorageCombine-Community in Frameworks */,
				DED2F5092ABB932300417863 /* FirebaseRemoteConfig in Frameworks */,
				DED2F4E52ABB932300417863 /* FirebaseAppDistribution-Beta in Frameworks */,
				DED2F4E92ABB932300417863 /* FirebaseAuthCombine-Community in Frameworks */,
				4E40D0CE2ADF1573004ED37A /* FirebaseInAppMessaging-Beta in Frameworks */,
				4E40D0FC2ADF166D004ED37A /* FirebaseFirestoreCombine-Community in Frameworks */,
				4E40D1142ADF166D004ED37A /* FirebaseStorage in Frameworks */,
				DED2F5072ABB932300417863 /* FirebasePerformance in Frameworks */,
				4E40D0F62ADF166D004ED37A /* FirebaseDatabaseSwift in Frameworks */,
				DED2F4FF2ABB932300417863 /* FirebaseInAppMessagingSwift-Beta in Frameworks */,
				4E40D0CC2ADF1573004ED37A /* FirebaseFunctionsCombine-Community in Frameworks */,
				4E40D0BE2ADF1573004ED37A /* FirebaseDatabase in Frameworks */,
				4E40D0EA2ADF166D004ED37A /* FirebaseAppCheck in Frameworks */,
				4E40D0D62ADF1573004ED37A /* FirebaseMessaging in Frameworks */,
				4E40D10A2ADF166D004ED37A /* FirebaseMLModelDownloader in Frameworks */,
				4E40D0EE2ADF166D004ED37A /* FirebaseAuth in Frameworks */,
				4E40D0EC2ADF166D004ED37A /* FirebaseAppDistribution-Beta in Frameworks */,
				4E40D0B02ADF1573004ED37A /* FirebaseAnalyticsSwift in Frameworks */,
				4E40D1022ADF166D004ED37A /* FirebaseFunctionsCombine-Community in Frameworks */,
				4E40D1002ADF166D004ED37A /* FirebaseFunctions in Frameworks */,
				4E40D0CA2ADF1573004ED37A /* FirebaseFunctions in Frameworks */,
				DED2F50D2ABB932300417863 /* FirebaseStorage in Frameworks */,
				4E40D0C02ADF1573004ED37A /* FirebaseDatabaseSwift in Frameworks */,
				4E40D0D82ADF1573004ED37A /* FirebasePerformance in Frameworks */,
				DED2F4F12ABB932300417863 /* FirebaseDynamicLinks in Frameworks */,
				DED2F4F52ABB932300417863 /* FirebaseFirestoreCombine-Community in Frameworks */,
				4E40D0FA2ADF166D004ED37A /* FirebaseFirestore in Frameworks */,
				4E40D0BC2ADF1573004ED37A /* FirebaseCrashlytics in Frameworks */,
				DED2F5052ABB932300417863 /* FirebaseMessaging in Frameworks */,
				DED2F5012ABB932300417863 /* FirebaseInstallations in Frameworks */,
				4E40D1102ADF166D004ED37A /* FirebaseRemoteConfig in Frameworks */,
				4E40D0C62ADF1573004ED37A /* FirebaseFirestoreCombine-Community in Frameworks */,
				4E40D0C22ADF1573004ED37A /* FirebaseDynamicLinks in Frameworks */,
			);
			runOnlyForDeploymentPostprocessing = 0;
		};
/* End PBXFrameworksBuildPhase section */

/* Begin PBXGroup section */
		DED2F4BF2ABB8D7300417863 = {
			isa = PBXGroup;
			children = (
				DED2F4CA2ABB8D7300417863 /* FloraFeed */,
				DED2F4C92ABB8D7300417863 /* Products */,
			);
			sourceTree = "<group>";
		};
		DED2F4C92ABB8D7300417863 /* Products */ = {
			isa = PBXGroup;
			children = (
				DED2F4C82ABB8D7300417863 /* FloraFeed.app */,
			);
			name = Products;
			sourceTree = "<group>";
		};
		DED2F4CA2ABB8D7300417863 /* FloraFeed */ = {
			isa = PBXGroup;
			children = (
				DED2F5182ABE565C00417863 /* Info.plist */,
				DED2F4CB2ABB8D7300417863 /* FloraFeedApp.swift */,
				4EB13F252AD84F14002C9BE2 /* LoginView.swift */,
				DE4AEA902ABF907000D83F6E /* PlantView.swift */,
				DE4AEA922ABFA0B200D83F6E /* PlantDetailView.swift */,
				DED2F4CD2ABB8D7300417863 /* ContentView.swift */,
				DED2F4CF2ABB8D7500417863 /* Assets.xcassets */,
				DED2F5122ABB949600417863 /* GoogleService-Info.plist */,
				DED2F4D12ABB8D7500417863 /* Preview Content */,
				DED2F5142ABB986500417863 /* PlantDataRepository.swift */,
				DE4AEA8E2ABF62EC00D83F6E /* PlantDataTransformer.swift */,
				DEE373EE2AD2CB6D000B3BAD /* Constants.swift */,
			);
			path = FloraFeed;
			sourceTree = "<group>";
		};
		DED2F4D12ABB8D7500417863 /* Preview Content */ = {
			isa = PBXGroup;
			children = (
				DED2F4D22ABB8D7500417863 /* Preview Assets.xcassets */,
			);
			path = "Preview Content";
			sourceTree = "<group>";
		};
/* End PBXGroup section */

/* Begin PBXNativeTarget section */
		DED2F4C72ABB8D7300417863 /* FloraFeed */ = {
			isa = PBXNativeTarget;
			buildConfigurationList = DED2F4D62ABB8D7500417863 /* Build configuration list for PBXNativeTarget "FloraFeed" */;
			buildPhases = (
				DED2F4C42ABB8D7300417863 /* Sources */,
				DED2F4C52ABB8D7300417863 /* Frameworks */,
				DED2F4C62ABB8D7300417863 /* Resources */,
			);
			buildRules = (
			);
			dependencies = (
			);
			name = FloraFeed;
			packageProductDependencies = (
				DED2F4DA2ABB932300417863 /* FirebaseAnalytics */,
				DED2F4DC2ABB932300417863 /* FirebaseAnalyticsOnDeviceConversion */,
				DED2F4DE2ABB932300417863 /* FirebaseAnalyticsSwift */,
				DED2F4E02ABB932300417863 /* FirebaseAnalyticsWithoutAdIdSupport */,
				DED2F4E22ABB932300417863 /* FirebaseAppCheck */,
				DED2F4E42ABB932300417863 /* FirebaseAppDistribution-Beta */,
				DED2F4E62ABB932300417863 /* FirebaseAuth */,
				DED2F4E82ABB932300417863 /* FirebaseAuthCombine-Community */,
				DED2F4EA2ABB932300417863 /* FirebaseCrashlytics */,
				DED2F4EC2ABB932300417863 /* FirebaseDatabase */,
				DED2F4EE2ABB932300417863 /* FirebaseDatabaseSwift */,
				DED2F4F02ABB932300417863 /* FirebaseDynamicLinks */,
				DED2F4F22ABB932300417863 /* FirebaseFirestore */,
				DED2F4F42ABB932300417863 /* FirebaseFirestoreCombine-Community */,
				DED2F4F62ABB932300417863 /* FirebaseFirestoreSwift */,
				DED2F4F82ABB932300417863 /* FirebaseFunctions */,
				DED2F4FA2ABB932300417863 /* FirebaseFunctionsCombine-Community */,
				DED2F4FC2ABB932300417863 /* FirebaseInAppMessaging-Beta */,
				DED2F4FE2ABB932300417863 /* FirebaseInAppMessagingSwift-Beta */,
				DED2F5002ABB932300417863 /* FirebaseInstallations */,
				DED2F5022ABB932300417863 /* FirebaseMLModelDownloader */,
				DED2F5042ABB932300417863 /* FirebaseMessaging */,
				DED2F5062ABB932300417863 /* FirebasePerformance */,
				DED2F5082ABB932300417863 /* FirebaseRemoteConfig */,
				DED2F50A2ABB932300417863 /* FirebaseRemoteConfigSwift */,
				DED2F50C2ABB932300417863 /* FirebaseStorage */,
				DED2F50E2ABB932300417863 /* FirebaseStorageCombine-Community */,
				4E40D0AB2ADF1573004ED37A /* FirebaseAnalytics */,
				4E40D0AD2ADF1573004ED37A /* FirebaseAnalyticsOnDeviceConversion */,
				4E40D0AF2ADF1573004ED37A /* FirebaseAnalyticsSwift */,
				4E40D0B12ADF1573004ED37A /* FirebaseAnalyticsWithoutAdIdSupport */,
				4E40D0B32ADF1573004ED37A /* FirebaseAppCheck */,
				4E40D0B52ADF1573004ED37A /* FirebaseAppDistribution-Beta */,
				4E40D0B72ADF1573004ED37A /* FirebaseAuth */,
				4E40D0B92ADF1573004ED37A /* FirebaseAuthCombine-Community */,
				4E40D0BB2ADF1573004ED37A /* FirebaseCrashlytics */,
				4E40D0BD2ADF1573004ED37A /* FirebaseDatabase */,
				4E40D0BF2ADF1573004ED37A /* FirebaseDatabaseSwift */,
				4E40D0C12ADF1573004ED37A /* FirebaseDynamicLinks */,
				4E40D0C32ADF1573004ED37A /* FirebaseFirestore */,
				4E40D0C52ADF1573004ED37A /* FirebaseFirestoreCombine-Community */,
				4E40D0C72ADF1573004ED37A /* FirebaseFirestoreSwift */,
				4E40D0C92ADF1573004ED37A /* FirebaseFunctions */,
				4E40D0CB2ADF1573004ED37A /* FirebaseFunctionsCombine-Community */,
				4E40D0CD2ADF1573004ED37A /* FirebaseInAppMessaging-Beta */,
				4E40D0CF2ADF1573004ED37A /* FirebaseInAppMessagingSwift-Beta */,
				4E40D0D12ADF1573004ED37A /* FirebaseInstallations */,
				4E40D0D32ADF1573004ED37A /* FirebaseMLModelDownloader */,
				4E40D0D52ADF1573004ED37A /* FirebaseMessaging */,
				4E40D0D72ADF1573004ED37A /* FirebasePerformance */,
				4E40D0D92ADF1573004ED37A /* FirebaseRemoteConfig */,
				4E40D0DB2ADF1573004ED37A /* FirebaseRemoteConfigSwift */,
				4E40D0DD2ADF1573004ED37A /* FirebaseStorage */,
				4E40D0DF2ADF1573004ED37A /* FirebaseStorageCombine-Community */,
				4E40D0E12ADF166D004ED37A /* FirebaseAnalytics */,
				4E40D0E32ADF166D004ED37A /* FirebaseAnalyticsOnDeviceConversion */,
				4E40D0E52ADF166D004ED37A /* FirebaseAnalyticsSwift */,
				4E40D0E72ADF166D004ED37A /* FirebaseAnalyticsWithoutAdIdSupport */,
				4E40D0E92ADF166D004ED37A /* FirebaseAppCheck */,
				4E40D0EB2ADF166D004ED37A /* FirebaseAppDistribution-Beta */,
				4E40D0ED2ADF166D004ED37A /* FirebaseAuth */,
				4E40D0EF2ADF166D004ED37A /* FirebaseAuthCombine-Community */,
				4E40D0F12ADF166D004ED37A /* FirebaseCrashlytics */,
				4E40D0F32ADF166D004ED37A /* FirebaseDatabase */,
				4E40D0F52ADF166D004ED37A /* FirebaseDatabaseSwift */,
				4E40D0F72ADF166D004ED37A /* FirebaseDynamicLinks */,
				4E40D0F92ADF166D004ED37A /* FirebaseFirestore */,
				4E40D0FB2ADF166D004ED37A /* FirebaseFirestoreCombine-Community */,
				4E40D0FD2ADF166D004ED37A /* FirebaseFirestoreSwift */,
				4E40D0FF2ADF166D004ED37A /* FirebaseFunctions */,
				4E40D1012ADF166D004ED37A /* FirebaseFunctionsCombine-Community */,
				4E40D1032ADF166D004ED37A /* FirebaseInAppMessaging-Beta */,
				4E40D1052ADF166D004ED37A /* FirebaseInAppMessagingSwift-Beta */,
				4E40D1072ADF166D004ED37A /* FirebaseInstallations */,
				4E40D1092ADF166D004ED37A /* FirebaseMLModelDownloader */,
				4E40D10B2ADF166D004ED37A /* FirebaseMessaging */,
				4E40D10D2ADF166D004ED37A /* FirebasePerformance */,
				4E40D10F2ADF166D004ED37A /* FirebaseRemoteConfig */,
				4E40D1112ADF166D004ED37A /* FirebaseRemoteConfigSwift */,
				4E40D1132ADF166D004ED37A /* FirebaseStorage */,
				4E40D1152ADF166D004ED37A /* FirebaseStorageCombine-Community */,
			);
			productName = FloraFeed;
			productReference = DED2F4C82ABB8D7300417863 /* FloraFeed.app */;
			productType = "com.apple.product-type.application";
		};
/* End PBXNativeTarget section */

/* Begin PBXProject section */
		DED2F4C02ABB8D7300417863 /* Project object */ = {
			isa = PBXProject;
			attributes = {
				BuildIndependentTargetsInParallel = 1;
				LastSwiftUpdateCheck = 1500;
				LastUpgradeCheck = 1500;
				TargetAttributes = {
					DED2F4C72ABB8D7300417863 = {
						CreatedOnToolsVersion = 15.0;
					};
				};
			};
			buildConfigurationList = DED2F4C32ABB8D7300417863 /* Build configuration list for PBXProject "FloraFeed" */;
			compatibilityVersion = "Xcode 14.0";
			developmentRegion = en;
			hasScannedForEncodings = 0;
			knownRegions = (
				en,
				Base,
			);
			mainGroup = DED2F4BF2ABB8D7300417863;
			packageReferences = (
				DED2F4D92ABB932300417863 /* XCRemoteSwiftPackageReference "firebase-ios-sdk" */,
			);
			productRefGroup = DED2F4C92ABB8D7300417863 /* Products */;
			projectDirPath = "";
			projectRoot = "";
			targets = (
				DED2F4C72ABB8D7300417863 /* FloraFeed */,
			);
		};
/* End PBXProject section */

/* Begin PBXResourcesBuildPhase section */
		DED2F4C62ABB8D7300417863 /* Resources */ = {
			isa = PBXResourcesBuildPhase;
			buildActionMask = 2147483647;
			files = (
				DED2F4D32ABB8D7500417863 /* Preview Assets.xcassets in Resources */,
				DED2F4D02ABB8D7500417863 /* Assets.xcassets in Resources */,
				DED2F5132ABB949700417863 /* GoogleService-Info.plist in Resources */,
			);
			runOnlyForDeploymentPostprocessing = 0;
		};
/* End PBXResourcesBuildPhase section */

/* Begin PBXSourcesBuildPhase section */
		DED2F4C42ABB8D7300417863 /* Sources */ = {
			isa = PBXSourcesBuildPhase;
			buildActionMask = 2147483647;
			files = (
				DED2F5152ABB986500417863 /* PlantDataRepository.swift in Sources */,
				DE4AEA932ABFA0B200D83F6E /* PlantDetailView.swift in Sources */,
				DE4AEA8F2ABF62EC00D83F6E /* PlantDataTransformer.swift in Sources */,
				DED2F4CE2ABB8D7300417863 /* ContentView.swift in Sources */,
				DEE373EF2AD2CB6D000B3BAD /* Constants.swift in Sources */,
				DE4AEA912ABF907000D83F6E /* PlantView.swift in Sources */,
				4EB13F262AD84F14002C9BE2 /* LoginView.swift in Sources */,
				DED2F4CC2ABB8D7300417863 /* FloraFeedApp.swift in Sources */,
			);
			runOnlyForDeploymentPostprocessing = 0;
		};
/* End PBXSourcesBuildPhase section */

/* Begin XCBuildConfiguration section */
		DED2F4D42ABB8D7500417863 /* Debug */ = {
			isa = XCBuildConfiguration;
			buildSettings = {
				ALWAYS_SEARCH_USER_PATHS = NO;
				ASSETCATALOG_COMPILER_GENERATE_SWIFT_ASSET_SYMBOL_EXTENSIONS = YES;
				CLANG_ANALYZER_NONNULL = YES;
				CLANG_ANALYZER_NUMBER_OBJECT_CONVERSION = YES_AGGRESSIVE;
				CLANG_CXX_LANGUAGE_STANDARD = "gnu++20";
				CLANG_ENABLE_MODULES = YES;
				CLANG_ENABLE_OBJC_ARC = YES;
				CLANG_ENABLE_OBJC_WEAK = YES;
				CLANG_WARN_BLOCK_CAPTURE_AUTORELEASING = YES;
				CLANG_WARN_BOOL_CONVERSION = YES;
				CLANG_WARN_COMMA = YES;
				CLANG_WARN_CONSTANT_CONVERSION = YES;
				CLANG_WARN_DEPRECATED_OBJC_IMPLEMENTATIONS = YES;
				CLANG_WARN_DIRECT_OBJC_ISA_USAGE = YES_ERROR;
				CLANG_WARN_DOCUMENTATION_COMMENTS = YES;
				CLANG_WARN_EMPTY_BODY = YES;
				CLANG_WARN_ENUM_CONVERSION = YES;
				CLANG_WARN_INFINITE_RECURSION = YES;
				CLANG_WARN_INT_CONVERSION = YES;
				CLANG_WARN_NON_LITERAL_NULL_CONVERSION = YES;
				CLANG_WARN_OBJC_IMPLICIT_RETAIN_SELF = YES;
				CLANG_WARN_OBJC_LITERAL_CONVERSION = YES;
				CLANG_WARN_OBJC_ROOT_CLASS = YES_ERROR;
				CLANG_WARN_QUOTED_INCLUDE_IN_FRAMEWORK_HEADER = YES;
				CLANG_WARN_RANGE_LOOP_ANALYSIS = YES;
				CLANG_WARN_STRICT_PROTOTYPES = YES;
				CLANG_WARN_SUSPICIOUS_MOVE = YES;
				CLANG_WARN_UNGUARDED_AVAILABILITY = YES_AGGRESSIVE;
				CLANG_WARN_UNREACHABLE_CODE = YES;
				CLANG_WARN__DUPLICATE_METHOD_MATCH = YES;
				COPY_PHASE_STRIP = NO;
				DEBUG_INFORMATION_FORMAT = dwarf;
				ENABLE_STRICT_OBJC_MSGSEND = YES;
				ENABLE_TESTABILITY = YES;
				ENABLE_USER_SCRIPT_SANDBOXING = YES;
				GCC_C_LANGUAGE_STANDARD = gnu17;
				GCC_DYNAMIC_NO_PIC = NO;
				GCC_NO_COMMON_BLOCKS = YES;
				GCC_OPTIMIZATION_LEVEL = 0;
				GCC_PREPROCESSOR_DEFINITIONS = (
					"DEBUG=1",
					"$(inherited)",
				);
				GCC_WARN_64_TO_32_BIT_CONVERSION = YES;
				GCC_WARN_ABOUT_RETURN_TYPE = YES_ERROR;
				GCC_WARN_UNDECLARED_SELECTOR = YES;
				GCC_WARN_UNINITIALIZED_AUTOS = YES_AGGRESSIVE;
				GCC_WARN_UNUSED_FUNCTION = YES;
				GCC_WARN_UNUSED_VARIABLE = YES;
				IPHONEOS_DEPLOYMENT_TARGET = 17.0;
				LOCALIZATION_PREFERS_STRING_CATALOGS = YES;
				MTL_ENABLE_DEBUG_INFO = INCLUDE_SOURCE;
				MTL_FAST_MATH = YES;
				ONLY_ACTIVE_ARCH = YES;
				SDKROOT = iphoneos;
				SWIFT_ACTIVE_COMPILATION_CONDITIONS = "DEBUG $(inherited)";
				SWIFT_OPTIMIZATION_LEVEL = "-Onone";
			};
			name = Debug;
		};
		DED2F4D52ABB8D7500417863 /* Release */ = {
			isa = XCBuildConfiguration;
			buildSettings = {
				ALWAYS_SEARCH_USER_PATHS = NO;
				ASSETCATALOG_COMPILER_GENERATE_SWIFT_ASSET_SYMBOL_EXTENSIONS = YES;
				CLANG_ANALYZER_NONNULL = YES;
				CLANG_ANALYZER_NUMBER_OBJECT_CONVERSION = YES_AGGRESSIVE;
				CLANG_CXX_LANGUAGE_STANDARD = "gnu++20";
				CLANG_ENABLE_MODULES = YES;
				CLANG_ENABLE_OBJC_ARC = YES;
				CLANG_ENABLE_OBJC_WEAK = YES;
				CLANG_WARN_BLOCK_CAPTURE_AUTORELEASING = YES;
				CLANG_WARN_BOOL_CONVERSION = YES;
				CLANG_WARN_COMMA = YES;
				CLANG_WARN_CONSTANT_CONVERSION = YES;
				CLANG_WARN_DEPRECATED_OBJC_IMPLEMENTATIONS = YES;
				CLANG_WARN_DIRECT_OBJC_ISA_USAGE = YES_ERROR;
				CLANG_WARN_DOCUMENTATION_COMMENTS = YES;
				CLANG_WARN_EMPTY_BODY = YES;
				CLANG_WARN_ENUM_CONVERSION = YES;
				CLANG_WARN_INFINITE_RECURSION = YES;
				CLANG_WARN_INT_CONVERSION = YES;
				CLANG_WARN_NON_LITERAL_NULL_CONVERSION = YES;
				CLANG_WARN_OBJC_IMPLICIT_RETAIN_SELF = YES;
				CLANG_WARN_OBJC_LITERAL_CONVERSION = YES;
				CLANG_WARN_OBJC_ROOT_CLASS = YES_ERROR;
				CLANG_WARN_QUOTED_INCLUDE_IN_FRAMEWORK_HEADER = YES;
				CLANG_WARN_RANGE_LOOP_ANALYSIS = YES;
				CLANG_WARN_STRICT_PROTOTYPES = YES;
				CLANG_WARN_SUSPICIOUS_MOVE = YES;
				CLANG_WARN_UNGUARDED_AVAILABILITY = YES_AGGRESSIVE;
				CLANG_WARN_UNREACHABLE_CODE = YES;
				CLANG_WARN__DUPLICATE_METHOD_MATCH = YES;
				COPY_PHASE_STRIP = NO;
				DEBUG_INFORMATION_FORMAT = "dwarf-with-dsym";
				ENABLE_NS_ASSERTIONS = NO;
				ENABLE_STRICT_OBJC_MSGSEND = YES;
				ENABLE_USER_SCRIPT_SANDBOXING = YES;
				GCC_C_LANGUAGE_STANDARD = gnu17;
				GCC_NO_COMMON_BLOCKS = YES;
				GCC_WARN_64_TO_32_BIT_CONVERSION = YES;
				GCC_WARN_ABOUT_RETURN_TYPE = YES_ERROR;
				GCC_WARN_UNDECLARED_SELECTOR = YES;
				GCC_WARN_UNINITIALIZED_AUTOS = YES_AGGRESSIVE;
				GCC_WARN_UNUSED_FUNCTION = YES;
				GCC_WARN_UNUSED_VARIABLE = YES;
				IPHONEOS_DEPLOYMENT_TARGET = 17.0;
				LOCALIZATION_PREFERS_STRING_CATALOGS = YES;
				MTL_ENABLE_DEBUG_INFO = NO;
				MTL_FAST_MATH = YES;
				SDKROOT = iphoneos;
				SWIFT_COMPILATION_MODE = wholemodule;
				VALIDATE_PRODUCT = YES;
			};
			name = Release;
		};
		DED2F4D72ABB8D7500417863 /* Debug */ = {
			isa = XCBuildConfiguration;
			buildSettings = {
				ASSETCATALOG_COMPILER_APPICON_NAME = AppIcon;
				ASSETCATALOG_COMPILER_GLOBAL_ACCENT_COLOR_NAME = AccentColor;
				CODE_SIGN_STYLE = Automatic;
				CURRENT_PROJECT_VERSION = 1;
				DEVELOPMENT_ASSET_PATHS = "\"FloraFeed/Preview Content\"";
				DEVELOPMENT_TEAM = 7REPK382XJ;
				ENABLE_PREVIEWS = YES;
				GENERATE_INFOPLIST_FILE = YES;
				INFOPLIST_FILE = FloraFeed/Info.plist;
				INFOPLIST_KEY_UIApplicationSceneManifest_Generation = YES;
				INFOPLIST_KEY_UIApplicationSupportsIndirectInputEvents = YES;
				INFOPLIST_KEY_UILaunchScreen_Generation = YES;
				INFOPLIST_KEY_UISupportedInterfaceOrientations_iPad = "UIInterfaceOrientationPortrait UIInterfaceOrientationPortraitUpsideDown UIInterfaceOrientationLandscapeLeft UIInterfaceOrientationLandscapeRight";
				INFOPLIST_KEY_UISupportedInterfaceOrientations_iPhone = "UIInterfaceOrientationPortrait UIInterfaceOrientationLandscapeLeft UIInterfaceOrientationLandscapeRight";
				IPHONEOS_DEPLOYMENT_TARGET = 16.0;
				LD_RUNPATH_SEARCH_PATHS = (
					"$(inherited)",
					"@executable_path/Frameworks",
				);
				MARKETING_VERSION = 1.0;
				PRODUCT_BUNDLE_IDENTIFIER = co.littlebirdsolutions.FloraFeed;
				PRODUCT_NAME = "$(TARGET_NAME)";
				SWIFT_EMIT_LOC_STRINGS = YES;
				SWIFT_VERSION = 5.0;
				TARGETED_DEVICE_FAMILY = "1,2";
			};
			name = Debug;
		};
		DED2F4D82ABB8D7500417863 /* Release */ = {
			isa = XCBuildConfiguration;
			buildSettings = {
				ASSETCATALOG_COMPILER_APPICON_NAME = AppIcon;
				ASSETCATALOG_COMPILER_GLOBAL_ACCENT_COLOR_NAME = AccentColor;
				CODE_SIGN_STYLE = Automatic;
				CURRENT_PROJECT_VERSION = 1;
				DEVELOPMENT_ASSET_PATHS = "\"FloraFeed/Preview Content\"";
				DEVELOPMENT_TEAM = 7REPK382XJ;
				ENABLE_PREVIEWS = YES;
				GENERATE_INFOPLIST_FILE = YES;
				INFOPLIST_FILE = FloraFeed/Info.plist;
				INFOPLIST_KEY_UIApplicationSceneManifest_Generation = YES;
				INFOPLIST_KEY_UIApplicationSupportsIndirectInputEvents = YES;
				INFOPLIST_KEY_UILaunchScreen_Generation = YES;
				INFOPLIST_KEY_UISupportedInterfaceOrientations_iPad = "UIInterfaceOrientationPortrait UIInterfaceOrientationPortraitUpsideDown UIInterfaceOrientationLandscapeLeft UIInterfaceOrientationLandscapeRight";
				INFOPLIST_KEY_UISupportedInterfaceOrientations_iPhone = "UIInterfaceOrientationPortrait UIInterfaceOrientationLandscapeLeft UIInterfaceOrientationLandscapeRight";
				IPHONEOS_DEPLOYMENT_TARGET = 16.0;
				LD_RUNPATH_SEARCH_PATHS = (
					"$(inherited)",
					"@executable_path/Frameworks",
				);
				MARKETING_VERSION = 1.0;
				PRODUCT_BUNDLE_IDENTIFIER = co.littlebirdsolutions.FloraFeed;
				PRODUCT_NAME = "$(TARGET_NAME)";
				SWIFT_EMIT_LOC_STRINGS = YES;
				SWIFT_VERSION = 5.0;
				TARGETED_DEVICE_FAMILY = "1,2";
			};
			name = Release;
		};
/* End XCBuildConfiguration section */

/* Begin XCConfigurationList section */
		DED2F4C32ABB8D7300417863 /* Build configuration list for PBXProject "FloraFeed" */ = {
			isa = XCConfigurationList;
			buildConfigurations = (
				DED2F4D42ABB8D7500417863 /* Debug */,
				DED2F4D52ABB8D7500417863 /* Release */,
			);
			defaultConfigurationIsVisible = 0;
			defaultConfigurationName = Release;
		};
		DED2F4D62ABB8D7500417863 /* Build configuration list for PBXNativeTarget "FloraFeed" */ = {
			isa = XCConfigurationList;
			buildConfigurations = (
				DED2F4D72ABB8D7500417863 /* Debug */,
				DED2F4D82ABB8D7500417863 /* Release */,
			);
			defaultConfigurationIsVisible = 0;
			defaultConfigurationName = Release;
		};
/* End XCConfigurationList section */

/* Begin XCRemoteSwiftPackageReference section */
		DED2F4D92ABB932300417863 /* XCRemoteSwiftPackageReference "firebase-ios-sdk" */ = {
			isa = XCRemoteSwiftPackageReference;
			repositoryURL = "https://github.com/firebase/firebase-ios-sdk";
			requirement = {
				kind = upToNextMajorVersion;
				minimumVersion = 10.15.0;
			};
		};
/* End XCRemoteSwiftPackageReference section */

/* Begin XCSwiftPackageProductDependency section */
		4E40D0AB2ADF1573004ED37A /* FirebaseAnalytics */ = {
			isa = XCSwiftPackageProductDependency;
			productName = FirebaseAnalytics;
		};
		4E40D0AD2ADF1573004ED37A /* FirebaseAnalyticsOnDeviceConversion */ = {
			isa = XCSwiftPackageProductDependency;
			productName = FirebaseAnalyticsOnDeviceConversion;
		};
		4E40D0AF2ADF1573004ED37A /* FirebaseAnalyticsSwift */ = {
			isa = XCSwiftPackageProductDependency;
			productName = FirebaseAnalyticsSwift;
		};
		4E40D0B12ADF1573004ED37A /* FirebaseAnalyticsWithoutAdIdSupport */ = {
			isa = XCSwiftPackageProductDependency;
			productName = FirebaseAnalyticsWithoutAdIdSupport;
		};
		4E40D0B32ADF1573004ED37A /* FirebaseAppCheck */ = {
			isa = XCSwiftPackageProductDependency;
			productName = FirebaseAppCheck;
		};
		4E40D0B52ADF1573004ED37A /* FirebaseAppDistribution-Beta */ = {
			isa = XCSwiftPackageProductDependency;
			productName = "FirebaseAppDistribution-Beta";
		};
		4E40D0B72ADF1573004ED37A /* FirebaseAuth */ = {
			isa = XCSwiftPackageProductDependency;
			productName = FirebaseAuth;
		};
		4E40D0B92ADF1573004ED37A /* FirebaseAuthCombine-Community */ = {
			isa = XCSwiftPackageProductDependency;
			productName = "FirebaseAuthCombine-Community";
		};
		4E40D0BB2ADF1573004ED37A /* FirebaseCrashlytics */ = {
			isa = XCSwiftPackageProductDependency;
			productName = FirebaseCrashlytics;
		};
		4E40D0BD2ADF1573004ED37A /* FirebaseDatabase */ = {
			isa = XCSwiftPackageProductDependency;
			productName = FirebaseDatabase;
		};
		4E40D0BF2ADF1573004ED37A /* FirebaseDatabaseSwift */ = {
			isa = XCSwiftPackageProductDependency;
			productName = FirebaseDatabaseSwift;
		};
		4E40D0C12ADF1573004ED37A /* FirebaseDynamicLinks */ = {
			isa = XCSwiftPackageProductDependency;
			productName = FirebaseDynamicLinks;
		};
		4E40D0C32ADF1573004ED37A /* FirebaseFirestore */ = {
			isa = XCSwiftPackageProductDependency;
			productName = FirebaseFirestore;
		};
		4E40D0C52ADF1573004ED37A /* FirebaseFirestoreCombine-Community */ = {
			isa = XCSwiftPackageProductDependency;
			productName = "FirebaseFirestoreCombine-Community";
		};
		4E40D0C72ADF1573004ED37A /* FirebaseFirestoreSwift */ = {
			isa = XCSwiftPackageProductDependency;
			productName = FirebaseFirestoreSwift;
		};
		4E40D0C92ADF1573004ED37A /* FirebaseFunctions */ = {
			isa = XCSwiftPackageProductDependency;
			productName = FirebaseFunctions;
		};
		4E40D0CB2ADF1573004ED37A /* FirebaseFunctionsCombine-Community */ = {
			isa = XCSwiftPackageProductDependency;
			productName = "FirebaseFunctionsCombine-Community";
		};
		4E40D0CD2ADF1573004ED37A /* FirebaseInAppMessaging-Beta */ = {
			isa = XCSwiftPackageProductDependency;
			productName = "FirebaseInAppMessaging-Beta";
		};
		4E40D0CF2ADF1573004ED37A /* FirebaseInAppMessagingSwift-Beta */ = {
			isa = XCSwiftPackageProductDependency;
			productName = "FirebaseInAppMessagingSwift-Beta";
		};
		4E40D0D12ADF1573004ED37A /* FirebaseInstallations */ = {
			isa = XCSwiftPackageProductDependency;
			productName = FirebaseInstallations;
		};
		4E40D0D32ADF1573004ED37A /* FirebaseMLModelDownloader */ = {
			isa = XCSwiftPackageProductDependency;
			productName = FirebaseMLModelDownloader;
		};
		4E40D0D52ADF1573004ED37A /* FirebaseMessaging */ = {
			isa = XCSwiftPackageProductDependency;
			productName = FirebaseMessaging;
		};
		4E40D0D72ADF1573004ED37A /* FirebasePerformance */ = {
			isa = XCSwiftPackageProductDependency;
			productName = FirebasePerformance;
		};
		4E40D0D92ADF1573004ED37A /* FirebaseRemoteConfig */ = {
			isa = XCSwiftPackageProductDependency;
			productName = FirebaseRemoteConfig;
		};
		4E40D0DB2ADF1573004ED37A /* FirebaseRemoteConfigSwift */ = {
			isa = XCSwiftPackageProductDependency;
			productName = FirebaseRemoteConfigSwift;
		};
		4E40D0DD2ADF1573004ED37A /* FirebaseStorage */ = {
			isa = XCSwiftPackageProductDependency;
			productName = FirebaseStorage;
		};
		4E40D0DF2ADF1573004ED37A /* FirebaseStorageCombine-Community */ = {
			isa = XCSwiftPackageProductDependency;
			productName = "FirebaseStorageCombine-Community";
		};
		4E40D0E12ADF166D004ED37A /* FirebaseAnalytics */ = {
			isa = XCSwiftPackageProductDependency;
			productName = FirebaseAnalytics;
		};
		4E40D0E32ADF166D004ED37A /* FirebaseAnalyticsOnDeviceConversion */ = {
			isa = XCSwiftPackageProductDependency;
			productName = FirebaseAnalyticsOnDeviceConversion;
		};
		4E40D0E52ADF166D004ED37A /* FirebaseAnalyticsSwift */ = {
			isa = XCSwiftPackageProductDependency;
			productName = FirebaseAnalyticsSwift;
		};
		4E40D0E72ADF166D004ED37A /* FirebaseAnalyticsWithoutAdIdSupport */ = {
			isa = XCSwiftPackageProductDependency;
			productName = FirebaseAnalyticsWithoutAdIdSupport;
		};
		4E40D0E92ADF166D004ED37A /* FirebaseAppCheck */ = {
			isa = XCSwiftPackageProductDependency;
			productName = FirebaseAppCheck;
		};
		4E40D0EB2ADF166D004ED37A /* FirebaseAppDistribution-Beta */ = {
			isa = XCSwiftPackageProductDependency;
			productName = "FirebaseAppDistribution-Beta";
		};
		4E40D0ED2ADF166D004ED37A /* FirebaseAuth */ = {
			isa = XCSwiftPackageProductDependency;
			productName = FirebaseAuth;
		};
		4E40D0EF2ADF166D004ED37A /* FirebaseAuthCombine-Community */ = {
			isa = XCSwiftPackageProductDependency;
			productName = "FirebaseAuthCombine-Community";
		};
		4E40D0F12ADF166D004ED37A /* FirebaseCrashlytics */ = {
			isa = XCSwiftPackageProductDependency;
			productName = FirebaseCrashlytics;
		};
		4E40D0F32ADF166D004ED37A /* FirebaseDatabase */ = {
			isa = XCSwiftPackageProductDependency;
			productName = FirebaseDatabase;
		};
		4E40D0F52ADF166D004ED37A /* FirebaseDatabaseSwift */ = {
			isa = XCSwiftPackageProductDependency;
			productName = FirebaseDatabaseSwift;
		};
		4E40D0F72ADF166D004ED37A /* FirebaseDynamicLinks */ = {
			isa = XCSwiftPackageProductDependency;
			productName = FirebaseDynamicLinks;
		};
		4E40D0F92ADF166D004ED37A /* FirebaseFirestore */ = {
			isa = XCSwiftPackageProductDependency;
			productName = FirebaseFirestore;
		};
		4E40D0FB2ADF166D004ED37A /* FirebaseFirestoreCombine-Community */ = {
			isa = XCSwiftPackageProductDependency;
			productName = "FirebaseFirestoreCombine-Community";
		};
		4E40D0FD2ADF166D004ED37A /* FirebaseFirestoreSwift */ = {
			isa = XCSwiftPackageProductDependency;
			productName = FirebaseFirestoreSwift;
		};
		4E40D0FF2ADF166D004ED37A /* FirebaseFunctions */ = {
			isa = XCSwiftPackageProductDependency;
			productName = FirebaseFunctions;
		};
		4E40D1012ADF166D004ED37A /* FirebaseFunctionsCombine-Community */ = {
			isa = XCSwiftPackageProductDependency;
			productName = "FirebaseFunctionsCombine-Community";
		};
		4E40D1032ADF166D004ED37A /* FirebaseInAppMessaging-Beta */ = {
			isa = XCSwiftPackageProductDependency;
			productName = "FirebaseInAppMessaging-Beta";
		};
		4E40D1052ADF166D004ED37A /* FirebaseInAppMessagingSwift-Beta */ = {
			isa = XCSwiftPackageProductDependency;
			productName = "FirebaseInAppMessagingSwift-Beta";
		};
		4E40D1072ADF166D004ED37A /* FirebaseInstallations */ = {
			isa = XCSwiftPackageProductDependency;
			productName = FirebaseInstallations;
		};
		4E40D1092ADF166D004ED37A /* FirebaseMLModelDownloader */ = {
			isa = XCSwiftPackageProductDependency;
			productName = FirebaseMLModelDownloader;
		};
		4E40D10B2ADF166D004ED37A /* FirebaseMessaging */ = {
			isa = XCSwiftPackageProductDependency;
			productName = FirebaseMessaging;
		};
		4E40D10D2ADF166D004ED37A /* FirebasePerformance */ = {
			isa = XCSwiftPackageProductDependency;
			productName = FirebasePerformance;
		};
		4E40D10F2ADF166D004ED37A /* FirebaseRemoteConfig */ = {
			isa = XCSwiftPackageProductDependency;
			productName = FirebaseRemoteConfig;
		};
		4E40D1112ADF166D004ED37A /* FirebaseRemoteConfigSwift */ = {
			isa = XCSwiftPackageProductDependency;
			productName = FirebaseRemoteConfigSwift;
		};
		4E40D1132ADF166D004ED37A /* FirebaseStorage */ = {
			isa = XCSwiftPackageProductDependency;
			productName = FirebaseStorage;
		};
		4E40D1152ADF166D004ED37A /* FirebaseStorageCombine-Community */ = {
			isa = XCSwiftPackageProductDependency;
			productName = "FirebaseStorageCombine-Community";
		};
		DED2F4DA2ABB932300417863 /* FirebaseAnalytics */ = {
			isa = XCSwiftPackageProductDependency;
			package = DED2F4D92ABB932300417863 /* XCRemoteSwiftPackageReference "firebase-ios-sdk" */;
			productName = FirebaseAnalytics;
		};
		DED2F4DC2ABB932300417863 /* FirebaseAnalyticsOnDeviceConversion */ = {
			isa = XCSwiftPackageProductDependency;
			package = DED2F4D92ABB932300417863 /* XCRemoteSwiftPackageReference "firebase-ios-sdk" */;
			productName = FirebaseAnalyticsOnDeviceConversion;
		};
		DED2F4DE2ABB932300417863 /* FirebaseAnalyticsSwift */ = {
			isa = XCSwiftPackageProductDependency;
			package = DED2F4D92ABB932300417863 /* XCRemoteSwiftPackageReference "firebase-ios-sdk" */;
			productName = FirebaseAnalyticsSwift;
		};
		DED2F4E02ABB932300417863 /* FirebaseAnalyticsWithoutAdIdSupport */ = {
			isa = XCSwiftPackageProductDependency;
			package = DED2F4D92ABB932300417863 /* XCRemoteSwiftPackageReference "firebase-ios-sdk" */;
			productName = FirebaseAnalyticsWithoutAdIdSupport;
		};
		DED2F4E22ABB932300417863 /* FirebaseAppCheck */ = {
			isa = XCSwiftPackageProductDependency;
			package = DED2F4D92ABB932300417863 /* XCRemoteSwiftPackageReference "firebase-ios-sdk" */;
			productName = FirebaseAppCheck;
		};
		DED2F4E42ABB932300417863 /* FirebaseAppDistribution-Beta */ = {
			isa = XCSwiftPackageProductDependency;
			package = DED2F4D92ABB932300417863 /* XCRemoteSwiftPackageReference "firebase-ios-sdk" */;
			productName = "FirebaseAppDistribution-Beta";
		};
		DED2F4E62ABB932300417863 /* FirebaseAuth */ = {
			isa = XCSwiftPackageProductDependency;
			package = DED2F4D92ABB932300417863 /* XCRemoteSwiftPackageReference "firebase-ios-sdk" */;
			productName = FirebaseAuth;
		};
		DED2F4E82ABB932300417863 /* FirebaseAuthCombine-Community */ = {
			isa = XCSwiftPackageProductDependency;
			package = DED2F4D92ABB932300417863 /* XCRemoteSwiftPackageReference "firebase-ios-sdk" */;
			productName = "FirebaseAuthCombine-Community";
		};
		DED2F4EA2ABB932300417863 /* FirebaseCrashlytics */ = {
			isa = XCSwiftPackageProductDependency;
			package = DED2F4D92ABB932300417863 /* XCRemoteSwiftPackageReference "firebase-ios-sdk" */;
			productName = FirebaseCrashlytics;
		};
		DED2F4EC2ABB932300417863 /* FirebaseDatabase */ = {
			isa = XCSwiftPackageProductDependency;
			package = DED2F4D92ABB932300417863 /* XCRemoteSwiftPackageReference "firebase-ios-sdk" */;
			productName = FirebaseDatabase;
		};
		DED2F4EE2ABB932300417863 /* FirebaseDatabaseSwift */ = {
			isa = XCSwiftPackageProductDependency;
			package = DED2F4D92ABB932300417863 /* XCRemoteSwiftPackageReference "firebase-ios-sdk" */;
			productName = FirebaseDatabaseSwift;
		};
		DED2F4F02ABB932300417863 /* FirebaseDynamicLinks */ = {
			isa = XCSwiftPackageProductDependency;
			package = DED2F4D92ABB932300417863 /* XCRemoteSwiftPackageReference "firebase-ios-sdk" */;
			productName = FirebaseDynamicLinks;
		};
		DED2F4F22ABB932300417863 /* FirebaseFirestore */ = {
			isa = XCSwiftPackageProductDependency;
			package = DED2F4D92ABB932300417863 /* XCRemoteSwiftPackageReference "firebase-ios-sdk" */;
			productName = FirebaseFirestore;
		};
		DED2F4F42ABB932300417863 /* FirebaseFirestoreCombine-Community */ = {
			isa = XCSwiftPackageProductDependency;
			package = DED2F4D92ABB932300417863 /* XCRemoteSwiftPackageReference "firebase-ios-sdk" */;
			productName = "FirebaseFirestoreCombine-Community";
		};
		DED2F4F62ABB932300417863 /* FirebaseFirestoreSwift */ = {
			isa = XCSwiftPackageProductDependency;
			package = DED2F4D92ABB932300417863 /* XCRemoteSwiftPackageReference "firebase-ios-sdk" */;
			productName = FirebaseFirestoreSwift;
		};
		DED2F4F82ABB932300417863 /* FirebaseFunctions */ = {
			isa = XCSwiftPackageProductDependency;
			package = DED2F4D92ABB932300417863 /* XCRemoteSwiftPackageReference "firebase-ios-sdk" */;
			productName = FirebaseFunctions;
		};
		DED2F4FA2ABB932300417863 /* FirebaseFunctionsCombine-Community */ = {
			isa = XCSwiftPackageProductDependency;
			package = DED2F4D92ABB932300417863 /* XCRemoteSwiftPackageReference "firebase-ios-sdk" */;
			productName = "FirebaseFunctionsCombine-Community";
		};
		DED2F4FC2ABB932300417863 /* FirebaseInAppMessaging-Beta */ = {
			isa = XCSwiftPackageProductDependency;
			package = DED2F4D92ABB932300417863 /* XCRemoteSwiftPackageReference "firebase-ios-sdk" */;
			productName = "FirebaseInAppMessaging-Beta";
		};
		DED2F4FE2ABB932300417863 /* FirebaseInAppMessagingSwift-Beta */ = {
			isa = XCSwiftPackageProductDependency;
			package = DED2F4D92ABB932300417863 /* XCRemoteSwiftPackageReference "firebase-ios-sdk" */;
			productName = "FirebaseInAppMessagingSwift-Beta";
		};
		DED2F5002ABB932300417863 /* FirebaseInstallations */ = {
			isa = XCSwiftPackageProductDependency;
			package = DED2F4D92ABB932300417863 /* XCRemoteSwiftPackageReference "firebase-ios-sdk" */;
			productName = FirebaseInstallations;
		};
		DED2F5022ABB932300417863 /* FirebaseMLModelDownloader */ = {
			isa = XCSwiftPackageProductDependency;
			package = DED2F4D92ABB932300417863 /* XCRemoteSwiftPackageReference "firebase-ios-sdk" */;
			productName = FirebaseMLModelDownloader;
		};
		DED2F5042ABB932300417863 /* FirebaseMessaging */ = {
			isa = XCSwiftPackageProductDependency;
			package = DED2F4D92ABB932300417863 /* XCRemoteSwiftPackageReference "firebase-ios-sdk" */;
			productName = FirebaseMessaging;
		};
		DED2F5062ABB932300417863 /* FirebasePerformance */ = {
			isa = XCSwiftPackageProductDependency;
			package = DED2F4D92ABB932300417863 /* XCRemoteSwiftPackageReference "firebase-ios-sdk" */;
			productName = FirebasePerformance;
		};
		DED2F5082ABB932300417863 /* FirebaseRemoteConfig */ = {
			isa = XCSwiftPackageProductDependency;
			package = DED2F4D92ABB932300417863 /* XCRemoteSwiftPackageReference "firebase-ios-sdk" */;
			productName = FirebaseRemoteConfig;
		};
		DED2F50A2ABB932300417863 /* FirebaseRemoteConfigSwift */ = {
			isa = XCSwiftPackageProductDependency;
			package = DED2F4D92ABB932300417863 /* XCRemoteSwiftPackageReference "firebase-ios-sdk" */;
			productName = FirebaseRemoteConfigSwift;
		};
		DED2F50C2ABB932300417863 /* FirebaseStorage */ = {
			isa = XCSwiftPackageProductDependency;
			package = DED2F4D92ABB932300417863 /* XCRemoteSwiftPackageReference "firebase-ios-sdk" */;
			productName = FirebaseStorage;
		};
		DED2F50E2ABB932300417863 /* FirebaseStorageCombine-Community */ = {
			isa = XCSwiftPackageProductDependency;
			package = DED2F4D92ABB932300417863 /* XCRemoteSwiftPackageReference "firebase-ios-sdk" */;
			productName = "FirebaseStorageCombine-Community";
		};
/* End XCSwiftPackageProductDependency section */
	};
	rootObject = DED2F4C02ABB8D7300417863 /* Project object */;
}
